// !$*UTF8*$!
{
	archiveVersion = 1;
	classes = {
	};
	objectVersion = 50;
	objects = {

/* Begin PBXBuildFile section */
		1AE1EF42566DE8585FB9A05B /* libPods-TableViewSelectDemoTests.a in Frameworks */ = {isa = PBXBuildFile; fileRef = 8BEC1D34D442D419E25C88BD /* libPods-TableViewSelectDemoTests.a */; };
		A74ACCB735E4D9685DC0E4C5 /* libPods-TableViewSelectDemo.a in Frameworks */ = {isa = PBXBuildFile; fileRef = 629EAC308F5CB78EBC4BE5CC /* libPods-TableViewSelectDemo.a */; };
		F3931F8A4962A32C58A98CCA /* libPods-TableViewSelectDemoUITests.a in Frameworks */ = {isa = PBXBuildFile; fileRef = F69F9EE275F2704DBF3526F7 /* libPods-TableViewSelectDemoUITests.a */; };
		FB39C35921DDDE2A00334EA9 /* AppDelegate.m in Sources */ = {isa = PBXBuildFile; fileRef = FB39C35821DDDE2A00334EA9 /* AppDelegate.m */; };
		FB39C35C21DDDE2A00334EA9 /* ViewController.m in Sources */ = {isa = PBXBuildFile; fileRef = FB39C35B21DDDE2A00334EA9 /* ViewController.m */; };
		FB39C35F21DDDE2A00334EA9 /* Main.storyboard in Resources */ = {isa = PBXBuildFile; fileRef = FB39C35D21DDDE2A00334EA9 /* Main.storyboard */; };
		FB39C36121DDDE2A00334EA9 /* Assets.xcassets in Resources */ = {isa = PBXBuildFile; fileRef = FB39C36021DDDE2A00334EA9 /* Assets.xcassets */; };
		FB39C36421DDDE2A00334EA9 /* LaunchScreen.storyboard in Resources */ = {isa = PBXBuildFile; fileRef = FB39C36221DDDE2A00334EA9 /* LaunchScreen.storyboard */; };
		FB39C36721DDDE2A00334EA9 /* main.m in Sources */ = {isa = PBXBuildFile; fileRef = FB39C36621DDDE2A00334EA9 /* main.m */; };
		FB39C37121DDDE2B00334EA9 /* TableViewSelectDemoTests.m in Sources */ = {isa = PBXBuildFile; fileRef = FB39C37021DDDE2B00334EA9 /* TableViewSelectDemoTests.m */; };
		FB39C37C21DDDE2B00334EA9 /* TableViewSelectDemoUITests.m in Sources */ = {isa = PBXBuildFile; fileRef = FB39C37B21DDDE2B00334EA9 /* TableViewSelectDemoUITests.m */; };
/* End PBXBuildFile section */

/* Begin PBXContainerItemProxy section */
		FB39C36D21DDDE2B00334EA9 /* PBXContainerItemProxy */ = {
			isa = PBXContainerItemProxy;
			containerPortal = FB39C34C21DDDE2A00334EA9 /* Project object */;
			proxyType = 1;
			remoteGlobalIDString = FB39C35321DDDE2A00334EA9;
			remoteInfo = TableViewSelectDemo;
		};
		FB39C37821DDDE2B00334EA9 /* PBXContainerItemProxy */ = {
			isa = PBXContainerItemProxy;
			containerPortal = FB39C34C21DDDE2A00334EA9 /* Project object */;
			proxyType = 1;
			remoteGlobalIDString = FB39C35321DDDE2A00334EA9;
			remoteInfo = TableViewSelectDemo;
		};
/* End PBXContainerItemProxy section */

/* Begin PBXFileReference section */
		4440DED2F2A304EDFAB54DFA /* Pods-TableViewSelectDemoTests.release.xcconfig */ = {isa = PBXFileReference; includeInIndex = 1; lastKnownFileType = text.xcconfig; name = "Pods-TableViewSelectDemoTests.release.xcconfig"; path = "Pods/Target Support Files/Pods-TableViewSelectDemoTests/Pods-TableViewSelectDemoTests.release.xcconfig"; sourceTree = "<group>"; };
		629EAC308F5CB78EBC4BE5CC /* libPods-TableViewSelectDemo.a */ = {isa = PBXFileReference; explicitFileType = archive.ar; includeInIndex = 0; path = "libPods-TableViewSelectDemo.a"; sourceTree = BUILT_PRODUCTS_DIR; };
		692537D175668D3BE24C4770 /* Pods-TableViewSelectDemo.debug.xcconfig */ = {isa = PBXFileReference; includeInIndex = 1; lastKnownFileType = text.xcconfig; name = "Pods-TableViewSelectDemo.debug.xcconfig"; path = "Pods/Target Support Files/Pods-TableViewSelectDemo/Pods-TableViewSelectDemo.debug.xcconfig"; sourceTree = "<group>"; };
		8BEC1D34D442D419E25C88BD /* libPods-TableViewSelectDemoTests.a */ = {isa = PBXFileReference; explicitFileType = archive.ar; includeInIndex = 0; path = "libPods-TableViewSelectDemoTests.a"; sourceTree = BUILT_PRODUCTS_DIR; };
		A1A5F9ADDE75BA30FC84061F /* Pods-TableViewSelectDemo.release.xcconfig */ = {isa = PBXFileReference; includeInIndex = 1; lastKnownFileType = text.xcconfig; name = "Pods-TableViewSelectDemo.release.xcconfig"; path = "Pods/Target Support Files/Pods-TableViewSelectDemo/Pods-TableViewSelectDemo.release.xcconfig"; sourceTree = "<group>"; };
		A48FE5B2BAB2FC8E621B76B9 /* Pods-TableViewSelectDemoUITests.debug.xcconfig */ = {isa = PBXFileReference; includeInIndex = 1; lastKnownFileType = text.xcconfig; name = "Pods-TableViewSelectDemoUITests.debug.xcconfig"; path = "Pods/Target Support Files/Pods-TableViewSelectDemoUITests/Pods-TableViewSelectDemoUITests.debug.xcconfig"; sourceTree = "<group>"; };
		B9691C31260F4266281042DD /* Pods-TableViewSelectDemoTests.debug.xcconfig */ = {isa = PBXFileReference; includeInIndex = 1; lastKnownFileType = text.xcconfig; name = "Pods-TableViewSelectDemoTests.debug.xcconfig"; path = "Pods/Target Support Files/Pods-TableViewSelectDemoTests/Pods-TableViewSelectDemoTests.debug.xcconfig"; sourceTree = "<group>"; };
		C3548AF336CF6A431829581C /* Pods-TableViewSelectDemoUITests.release.xcconfig */ = {isa = PBXFileReference; includeInIndex = 1; lastKnownFileType = text.xcconfig; name = "Pods-TableViewSelectDemoUITests.release.xcconfig"; path = "Pods/Target Support Files/Pods-TableViewSelectDemoUITests/Pods-TableViewSelectDemoUITests.release.xcconfig"; sourceTree = "<group>"; };
		F69F9EE275F2704DBF3526F7 /* libPods-TableViewSelectDemoUITests.a */ = {isa = PBXFileReference; explicitFileType = archive.ar; includeInIndex = 0; path = "libPods-TableViewSelectDemoUITests.a"; sourceTree = BUILT_PRODUCTS_DIR; };
		FB39C35421DDDE2A00334EA9 /* TableViewSelectDemo.app */ = {isa = PBXFileReference; explicitFileType = wrapper.application; includeInIndex = 0; path = TableViewSelectDemo.app; sourceTree = BUILT_PRODUCTS_DIR; };
		FB39C35721DDDE2A00334EA9 /* AppDelegate.h */ = {isa = PBXFileReference; lastKnownFileType = sourcecode.c.h; path = AppDelegate.h; sourceTree = "<group>"; };
		FB39C35821DDDE2A00334EA9 /* AppDelegate.m */ = {isa = PBXFileReference; lastKnownFileType = sourcecode.c.objc; path = AppDelegate.m; sourceTree = "<group>"; };
		FB39C35A21DDDE2A00334EA9 /* ViewController.h */ = {isa = PBXFileReference; lastKnownFileType = sourcecode.c.h; path = ViewController.h; sourceTree = "<group>"; };
		FB39C35B21DDDE2A00334EA9 /* ViewController.m */ = {isa = PBXFileReference; lastKnownFileType = sourcecode.c.objc; path = ViewController.m; sourceTree = "<group>"; };
		FB39C35E21DDDE2A00334EA9 /* Base */ = {isa = PBXFileReference; lastKnownFileType = file.storyboard; name = Base; path = Base.lproj/Main.storyboard; sourceTree = "<group>"; };
		FB39C36021DDDE2A00334EA9 /* Assets.xcassets */ = {isa = PBXFileReference; lastKnownFileType = folder.assetcatalog; path = Assets.xcassets; sourceTree = "<group>"; };
		FB39C36321DDDE2A00334EA9 /* Base */ = {isa = PBXFileReference; lastKnownFileType = file.storyboard; name = Base; path = Base.lproj/LaunchScreen.storyboard; sourceTree = "<group>"; };
		FB39C36521DDDE2A00334EA9 /* Info.plist */ = {isa = PBXFileReference; lastKnownFileType = text.plist.xml; path = Info.plist; sourceTree = "<group>"; };
		FB39C36621DDDE2A00334EA9 /* main.m */ = {isa = PBXFileReference; lastKnownFileType = sourcecode.c.objc; path = main.m; sourceTree = "<group>"; };
		FB39C36C21DDDE2B00334EA9 /* TableViewSelectDemoTests.xctest */ = {isa = PBXFileReference; explicitFileType = wrapper.cfbundle; includeInIndex = 0; path = TableViewSelectDemoTests.xctest; sourceTree = BUILT_PRODUCTS_DIR; };
		FB39C37021DDDE2B00334EA9 /* TableViewSelectDemoTests.m */ = {isa = PBXFileReference; lastKnownFileType = sourcecode.c.objc; path = TableViewSelectDemoTests.m; sourceTree = "<group>"; };
		FB39C37221DDDE2B00334EA9 /* Info.plist */ = {isa = PBXFileReference; lastKnownFileType = text.plist.xml; path = Info.plist; sourceTree = "<group>"; };
		FB39C37721DDDE2B00334EA9 /* TableViewSelectDemoUITests.xctest */ = {isa = PBXFileReference; explicitFileType = wrapper.cfbundle; includeInIndex = 0; path = TableViewSelectDemoUITests.xctest; sourceTree = BUILT_PRODUCTS_DIR; };
		FB39C37B21DDDE2B00334EA9 /* TableViewSelectDemoUITests.m */ = {isa = PBXFileReference; lastKnownFileType = sourcecode.c.objc; path = TableViewSelectDemoUITests.m; sourceTree = "<group>"; };
		FB39C37D21DDDE2B00334EA9 /* Info.plist */ = {isa = PBXFileReference; lastKnownFileType = text.plist.xml; path = Info.plist; sourceTree = "<group>"; };
/* End PBXFileReference section */

/* Begin PBXFrameworksBuildPhase section */
		FB39C35121DDDE2A00334EA9 /* Frameworks */ = {
			isa = PBXFrameworksBuildPhase;
			buildActionMask = 2147483647;
			files = (
				A74ACCB735E4D9685DC0E4C5 /* libPods-TableViewSelectDemo.a in Frameworks */,
			);
			runOnlyForDeploymentPostprocessing = 0;
		};
		FB39C36921DDDE2B00334EA9 /* Frameworks */ = {
			isa = PBXFrameworksBuildPhase;
			buildActionMask = 2147483647;
			files = (
				1AE1EF42566DE8585FB9A05B /* libPods-TableViewSelectDemoTests.a in Frameworks */,
			);
			runOnlyForDeploymentPostprocessing = 0;
		};
		FB39C37421DDDE2B00334EA9 /* Frameworks */ = {
			isa = PBXFrameworksBuildPhase;
			buildActionMask = 2147483647;
			files = (
				F3931F8A4962A32C58A98CCA /* libPods-TableViewSelectDemoUITests.a in Frameworks */,
			);
			runOnlyForDeploymentPostprocessing = 0;
		};
/* End PBXFrameworksBuildPhase section */

/* Begin PBXGroup section */
		7C68F304FBD1DBD2864A985A /* Pods */ = {
			isa = PBXGroup;
			children = (
				692537D175668D3BE24C4770 /* Pods-TableViewSelectDemo.debug.xcconfig */,
				A1A5F9ADDE75BA30FC84061F /* Pods-TableViewSelectDemo.release.xcconfig */,
				B9691C31260F4266281042DD /* Pods-TableViewSelectDemoTests.debug.xcconfig */,
				4440DED2F2A304EDFAB54DFA /* Pods-TableViewSelectDemoTests.release.xcconfig */,
				A48FE5B2BAB2FC8E621B76B9 /* Pods-TableViewSelectDemoUITests.debug.xcconfig */,
				C3548AF336CF6A431829581C /* Pods-TableViewSelectDemoUITests.release.xcconfig */,
			);
			name = Pods;
			sourceTree = "<group>";
		};
		CE2F4B0820C22FC2F22F691E /* Frameworks */ = {
			isa = PBXGroup;
			children = (
				629EAC308F5CB78EBC4BE5CC /* libPods-TableViewSelectDemo.a */,
				8BEC1D34D442D419E25C88BD /* libPods-TableViewSelectDemoTests.a */,
				F69F9EE275F2704DBF3526F7 /* libPods-TableViewSelectDemoUITests.a */,
			);
			name = Frameworks;
			sourceTree = "<group>";
		};
		FB39C34B21DDDE2A00334EA9 = {
			isa = PBXGroup;
			children = (
				FB39C35621DDDE2A00334EA9 /* TableViewSelectDemo */,
				FB39C36F21DDDE2B00334EA9 /* TableViewSelectDemoTests */,
				FB39C37A21DDDE2B00334EA9 /* TableViewSelectDemoUITests */,
				FB39C35521DDDE2A00334EA9 /* Products */,
				7C68F304FBD1DBD2864A985A /* Pods */,
				CE2F4B0820C22FC2F22F691E /* Frameworks */,
			);
			sourceTree = "<group>";
		};
		FB39C35521DDDE2A00334EA9 /* Products */ = {
			isa = PBXGroup;
			children = (
				FB39C35421DDDE2A00334EA9 /* TableViewSelectDemo.app */,
				FB39C36C21DDDE2B00334EA9 /* TableViewSelectDemoTests.xctest */,
				FB39C37721DDDE2B00334EA9 /* TableViewSelectDemoUITests.xctest */,
			);
			name = Products;
			sourceTree = "<group>";
		};
		FB39C35621DDDE2A00334EA9 /* TableViewSelectDemo */ = {
			isa = PBXGroup;
			children = (
				FB39C35721DDDE2A00334EA9 /* AppDelegate.h */,
				FB39C35821DDDE2A00334EA9 /* AppDelegate.m */,
				FB39C35A21DDDE2A00334EA9 /* ViewController.h */,
				FB39C35B21DDDE2A00334EA9 /* ViewController.m */,
				FB39C35D21DDDE2A00334EA9 /* Main.storyboard */,
				FB39C36021DDDE2A00334EA9 /* Assets.xcassets */,
				FB39C36221DDDE2A00334EA9 /* LaunchScreen.storyboard */,
				FB39C36521DDDE2A00334EA9 /* Info.plist */,
				FB39C36621DDDE2A00334EA9 /* main.m */,
			);
			path = TableViewSelectDemo;
			sourceTree = "<group>";
		};
		FB39C36F21DDDE2B00334EA9 /* TableViewSelectDemoTests */ = {
			isa = PBXGroup;
			children = (
				FB39C37021DDDE2B00334EA9 /* TableViewSelectDemoTests.m */,
				FB39C37221DDDE2B00334EA9 /* Info.plist */,
			);
			path = TableViewSelectDemoTests;
			sourceTree = "<group>";
		};
		FB39C37A21DDDE2B00334EA9 /* TableViewSelectDemoUITests */ = {
			isa = PBXGroup;
			children = (
				FB39C37B21DDDE2B00334EA9 /* TableViewSelectDemoUITests.m */,
				FB39C37D21DDDE2B00334EA9 /* Info.plist */,
			);
			path = TableViewSelectDemoUITests;
			sourceTree = "<group>";
		};
/* End PBXGroup section */

/* Begin PBXNativeTarget section */
		FB39C35321DDDE2A00334EA9 /* TableViewSelectDemo */ = {
			isa = PBXNativeTarget;
			buildConfigurationList = FB39C38021DDDE2B00334EA9 /* Build configuration list for PBXNativeTarget "TableViewSelectDemo" */;
			buildPhases = (
				71065635F7114BBA4CA91FD9 /* [CP] Check Pods Manifest.lock */,
				FB39C35021DDDE2A00334EA9 /* Sources */,
				FB39C35121DDDE2A00334EA9 /* Frameworks */,
				FB39C35221DDDE2A00334EA9 /* Resources */,
			);
			buildRules = (
			);
			dependencies = (
			);
			name = TableViewSelectDemo;
			productName = TableViewSelectDemo;
			productReference = FB39C35421DDDE2A00334EA9 /* TableViewSelectDemo.app */;
			productType = "com.apple.product-type.application";
		};
		FB39C36B21DDDE2B00334EA9 /* TableViewSelectDemoTests */ = {
			isa = PBXNativeTarget;
			buildConfigurationList = FB39C38321DDDE2B00334EA9 /* Build configuration list for PBXNativeTarget "TableViewSelectDemoTests" */;
			buildPhases = (
				D4249942059D099CF0443DEB /* [CP] Check Pods Manifest.lock */,
				FB39C36821DDDE2B00334EA9 /* Sources */,
				FB39C36921DDDE2B00334EA9 /* Frameworks */,
				FB39C36A21DDDE2B00334EA9 /* Resources */,
			);
			buildRules = (
			);
			dependencies = (
				FB39C36E21DDDE2B00334EA9 /* PBXTargetDependency */,
			);
			name = TableViewSelectDemoTests;
			productName = TableViewSelectDemoTests;
			productReference = FB39C36C21DDDE2B00334EA9 /* TableViewSelectDemoTests.xctest */;
			productType = "com.apple.product-type.bundle.unit-test";
		};
		FB39C37621DDDE2B00334EA9 /* TableViewSelectDemoUITests */ = {
			isa = PBXNativeTarget;
			buildConfigurationList = FB39C38621DDDE2B00334EA9 /* Build configuration list for PBXNativeTarget "TableViewSelectDemoUITests" */;
			buildPhases = (
				9FFEBA1916901942429F522F /* [CP] Check Pods Manifest.lock */,
				FB39C37321DDDE2B00334EA9 /* Sources */,
				FB39C37421DDDE2B00334EA9 /* Frameworks */,
				FB39C37521DDDE2B00334EA9 /* Resources */,
			);
			buildRules = (
			);
			dependencies = (
				FB39C37921DDDE2B00334EA9 /* PBXTargetDependency */,
			);
			name = TableViewSelectDemoUITests;
			productName = TableViewSelectDemoUITests;
			productReference = FB39C37721DDDE2B00334EA9 /* TableViewSelectDemoUITests.xctest */;
			productType = "com.apple.product-type.bundle.ui-testing";
		};
/* End PBXNativeTarget section */

/* Begin PBXProject section */
		FB39C34C21DDDE2A00334EA9 /* Project object */ = {
			isa = PBXProject;
			attributes = {
				LastUpgradeCheck = 1010;
				ORGANIZATIONNAME = jerry;
				TargetAttributes = {
					FB39C35321DDDE2A00334EA9 = {
						CreatedOnToolsVersion = 10.1;
					};
					FB39C36B21DDDE2B00334EA9 = {
						CreatedOnToolsVersion = 10.1;
						TestTargetID = FB39C35321DDDE2A00334EA9;
					};
					FB39C37621DDDE2B00334EA9 = {
						CreatedOnToolsVersion = 10.1;
						TestTargetID = FB39C35321DDDE2A00334EA9;
					};
				};
			};
			buildConfigurationList = FB39C34F21DDDE2A00334EA9 /* Build configuration list for PBXProject "TableViewSelectDemo" */;
			compatibilityVersion = "Xcode 9.3";
			developmentRegion = en;
			hasScannedForEncodings = 0;
			knownRegions = (
				en,
				Base,
			);
			mainGroup = FB39C34B21DDDE2A00334EA9;
			productRefGroup = FB39C35521DDDE2A00334EA9 /* Products */;
			projectDirPath = "";
			projectRoot = "";
			targets = (
				FB39C35321DDDE2A00334EA9 /* TableViewSelectDemo */,
				FB39C36B21DDDE2B00334EA9 /* TableViewSelectDemoTests */,
				FB39C37621DDDE2B00334EA9 /* TableViewSelectDemoUITests */,
			);
		};
/* End PBXProject section */

/* Begin PBXResourcesBuildPhase section */
		FB39C35221DDDE2A00334EA9 /* Resources */ = {
			isa = PBXResourcesBuildPhase;
			buildActionMask = 2147483647;
			files = (
				FB39C36421DDDE2A00334EA9 /* LaunchScreen.storyboard in Resources */,
				FB39C36121DDDE2A00334EA9 /* Assets.xcassets in Resources */,
				FB39C35F21DDDE2A00334EA9 /* Main.storyboard in Resources */,
			);
			runOnlyForDeploymentPostprocessing = 0;
		};
		FB39C36A21DDDE2B00334EA9 /* Resources */ = {
			isa = PBXResourcesBuildPhase;
			buildActionMask = 2147483647;
			files = (
			);
			runOnlyForDeploymentPostprocessing = 0;
		};
		FB39C37521DDDE2B00334EA9 /* Resources */ = {
			isa = PBXResourcesBuildPhase;
			buildActionMask = 2147483647;
			files = (
			);
			runOnlyForDeploymentPostprocessing = 0;
		};
/* End PBXResourcesBuildPhase section */

/* Begin PBXShellScriptBuildPhase section */
		71065635F7114BBA4CA91FD9 /* [CP] Check Pods Manifest.lock */ = {
			isa = PBXShellScriptBuildPhase;
			buildActionMask = 2147483647;
			files = (
			);
			inputFileListPaths = (
			);
			inputPaths = (
				"${PODS_PODFILE_DIR_PATH}/Podfile.lock",
				"${PODS_ROOT}/Manifest.lock",
			);
			name = "[CP] Check Pods Manifest.lock";
			outputFileListPaths = (
			);
			outputPaths = (
				"$(DERIVED_FILE_DIR)/Pods-TableViewSelectDemo-checkManifestLockResult.txt",
			);
			runOnlyForDeploymentPostprocessing = 0;
			shellPath = /bin/sh;
			shellScript = "diff \"${PODS_PODFILE_DIR_PATH}/Podfile.lock\" \"${PODS_ROOT}/Manifest.lock\" > /dev/null\nif [ $? != 0 ] ; then\n    # print error to STDERR\n    echo \"error: The sandbox is not in sync with the Podfile.lock. Run 'pod install' or update your CocoaPods installation.\" >&2\n    exit 1\nfi\n# This output is used by Xcode 'outputs' to avoid re-running this script phase.\necho \"SUCCESS\" > \"${SCRIPT_OUTPUT_FILE_0}\"\n";
			showEnvVarsInLog = 0;
		};
		9FFEBA1916901942429F522F /* [CP] Check Pods Manifest.lock */ = {
			isa = PBXShellScriptBuildPhase;
			buildActionMask = 2147483647;
			files = (
			);
			inputFileListPaths = (
			);
			inputPaths = (
				"${PODS_PODFILE_DIR_PATH}/Podfile.lock",
				"${PODS_ROOT}/Manifest.lock",
			);
			name = "[CP] Check Pods Manifest.lock";
			outputFileListPaths = (
			);
			outputPaths = (
				"$(DERIVED_FILE_DIR)/Pods-TableViewSelectDemoUITests-checkManifestLockResult.txt",
			);
			runOnlyForDeploymentPostprocessing = 0;
			shellPath = /bin/sh;
			shellScript = "diff \"${PODS_PODFILE_DIR_PATH}/Podfile.lock\" \"${PODS_ROOT}/Manifest.lock\" > /dev/null\nif [ $? != 0 ] ; then\n    # print error to STDERR\n    echo \"error: The sandbox is not in sync with the Podfile.lock. Run 'pod install' or update your CocoaPods installation.\" >&2\n    exit 1\nfi\n# This output is used by Xcode 'outputs' to avoid re-running this script phase.\necho \"SUCCESS\" > \"${SCRIPT_OUTPUT_FILE_0}\"\n";
			showEnvVarsInLog = 0;
		};
		D4249942059D099CF0443DEB /* [CP] Check Pods Manifest.lock */ = {
			isa = PBXShellScriptBuildPhase;
			buildActionMask = 2147483647;
			files = (
			);
			inputFileListPaths = (
			);
			inputPaths = (
				"${PODS_PODFILE_DIR_PATH}/Podfile.lock",
				"${PODS_ROOT}/Manifest.lock",
			);
			name = "[CP] Check Pods Manifest.lock";
			outputFileListPaths = (
			);
			outputPaths = (
				"$(DERIVED_FILE_DIR)/Pods-TableViewSelectDemoTests-checkManifestLockResult.txt",
			);
			runOnlyForDeploymentPostprocessing = 0;
			shellPath = /bin/sh;
			shellScript = "diff \"${PODS_PODFILE_DIR_PATH}/Podfile.lock\" \"${PODS_ROOT}/Manifest.lock\" > /dev/null\nif [ $? != 0 ] ; then\n    # print error to STDERR\n    echo \"error: The sandbox is not in sync with the Podfile.lock. Run 'pod install' or update your CocoaPods installation.\" >&2\n    exit 1\nfi\n# This output is used by Xcode 'outputs' to avoid re-running this script phase.\necho \"SUCCESS\" > \"${SCRIPT_OUTPUT_FILE_0}\"\n";
			showEnvVarsInLog = 0;
		};
/* End PBXShellScriptBuildPhase section */

/* Begin PBXSourcesBuildPhase section */
		FB39C35021DDDE2A00334EA9 /* Sources */ = {
			isa = PBXSourcesBuildPhase;
			buildActionMask = 2147483647;
			files = (
				FB39C35C21DDDE2A00334EA9 /* ViewController.m in Sources */,
				FB39C36721DDDE2A00334EA9 /* main.m in Sources */,
				FB39C35921DDDE2A00334EA9 /* AppDelegate.m in Sources */,
			);
			runOnlyForDeploymentPostprocessing = 0;
		};
		FB39C36821DDDE2B00334EA9 /* Sources */ = {
			isa = PBXSourcesBuildPhase;
			buildActionMask = 2147483647;
			files = (
				FB39C37121DDDE2B00334EA9 /* TableViewSelectDemoTests.m in Sources */,
			);
			runOnlyForDeploymentPostprocessing = 0;
		};
		FB39C37321DDDE2B00334EA9 /* Sources */ = {
			isa = PBXSourcesBuildPhase;
			buildActionMask = 2147483647;
			files = (
				FB39C37C21DDDE2B00334EA9 /* TableViewSelectDemoUITests.m in Sources */,
			);
			runOnlyForDeploymentPostprocessing = 0;
		};
/* End PBXSourcesBuildPhase section */

/* Begin PBXTargetDependency section */
		FB39C36E21DDDE2B00334EA9 /* PBXTargetDependency */ = {
			isa = PBXTargetDependency;
			target = FB39C35321DDDE2A00334EA9 /* TableViewSelectDemo */;
			targetProxy = FB39C36D21DDDE2B00334EA9 /* PBXContainerItemProxy */;
		};
		FB39C37921DDDE2B00334EA9 /* PBXTargetDependency */ = {
			isa = PBXTargetDependency;
			target = FB39C35321DDDE2A00334EA9 /* TableViewSelectDemo */;
			targetProxy = FB39C37821DDDE2B00334EA9 /* PBXContainerItemProxy */;
		};
/* End PBXTargetDependency section */

/* Begin PBXVariantGroup section */
		FB39C35D21DDDE2A00334EA9 /* Main.storyboard */ = {
			isa = PBXVariantGroup;
			children = (
				FB39C35E21DDDE2A00334EA9 /* Base */,
			);
			name = Main.storyboard;
			sourceTree = "<group>";
		};
		FB39C36221DDDE2A00334EA9 /* LaunchScreen.storyboard */ = {
			isa = PBXVariantGroup;
			children = (
				FB39C36321DDDE2A00334EA9 /* Base */,
			);
			name = LaunchScreen.storyboard;
			sourceTree = "<group>";
		};
/* End PBXVariantGroup section */

/* Begin XCBuildConfiguration section */
		FB39C37E21DDDE2B00334EA9 /* Debug */ = {
			isa = XCBuildConfiguration;
			buildSettings = {
				ALWAYS_SEARCH_USER_PATHS = NO;
				CLANG_ANALYZER_NONNULL = YES;
				CLANG_ANALYZER_NUMBER_OBJECT_CONVERSION = YES_AGGRESSIVE;
				CLANG_CXX_LANGUAGE_STANDARD = "gnu++14";
				CLANG_CXX_LIBRARY = "libc++";
				CLANG_ENABLE_MODULES = YES;
				CLANG_ENABLE_OBJC_ARC = YES;
				CLANG_ENABLE_OBJC_WEAK = YES;
				CLANG_WARN_BLOCK_CAPTURE_AUTORELEASING = YES;
				CLANG_WARN_BOOL_CONVERSION = YES;
				CLANG_WARN_COMMA = YES;
				CLANG_WARN_CONSTANT_CONVERSION = YES;
				CLANG_WARN_DEPRECATED_OBJC_IMPLEMENTATIONS = YES;
				CLANG_WARN_DIRECT_OBJC_ISA_USAGE = YES_ERROR;
				CLANG_WARN_DOCUMENTATION_COMMENTS = YES;
				CLANG_WARN_EMPTY_BODY = YES;
				CLANG_WARN_ENUM_CONVERSION = YES;
				CLANG_WARN_INFINITE_RECURSION = YES;
				CLANG_WARN_INT_CONVERSION = YES;
				CLANG_WARN_NON_LITERAL_NULL_CONVERSION = YES;
				CLANG_WARN_OBJC_IMPLICIT_RETAIN_SELF = YES;
				CLANG_WARN_OBJC_LITERAL_CONVERSION = YES;
				CLANG_WARN_OBJC_ROOT_CLASS = YES_ERROR;
				CLANG_WARN_RANGE_LOOP_ANALYSIS = YES;
				CLANG_WARN_STRICT_PROTOTYPES = YES;
				CLANG_WARN_SUSPICIOUS_MOVE = YES;
				CLANG_WARN_UNGUARDED_AVAILABILITY = YES_AGGRESSIVE;
				CLANG_WARN_UNREACHABLE_CODE = YES;
				CLANG_WARN__DUPLICATE_METHOD_MATCH = YES;
				CODE_SIGN_IDENTITY = "iPhone Developer";
				COPY_PHASE_STRIP = NO;
				DEBUG_INFORMATION_FORMAT = dwarf;
				ENABLE_STRICT_OBJC_MSGSEND = YES;
				ENABLE_TESTABILITY = YES;
				GCC_C_LANGUAGE_STANDARD = gnu11;
				GCC_DYNAMIC_NO_PIC = NO;
				GCC_NO_COMMON_BLOCKS = YES;
				GCC_OPTIMIZATION_LEVEL = 0;
				GCC_PREPROCESSOR_DEFINITIONS = (
					"DEBUG=1",
					"$(inherited)",
				);
				GCC_WARN_64_TO_32_BIT_CONVERSION = YES;
				GCC_WARN_ABOUT_RETURN_TYPE = YES_ERROR;
				GCC_WARN_UNDECLARED_SELECTOR = YES;
				GCC_WARN_UNINITIALIZED_AUTOS = YES_AGGRESSIVE;
				GCC_WARN_UNUSED_FUNCTION = YES;
				GCC_WARN_UNUSED_VARIABLE = YES;
				IPHONEOS_DEPLOYMENT_TARGET = 12.1;
				MTL_ENABLE_DEBUG_INFO = INCLUDE_SOURCE;
				MTL_FAST_MATH = YES;
				ONLY_ACTIVE_ARCH = YES;
				SDKROOT = iphoneos;
			};
			name = Debug;
		};
		FB39C37F21DDDE2B00334EA9 /* Release */ = {
			isa = XCBuildConfiguration;
			buildSettings = {
				ALWAYS_SEARCH_USER_PATHS = NO;
				CLANG_ANALYZER_NONNULL = YES;
				CLANG_ANALYZER_NUMBER_OBJECT_CONVERSION = YES_AGGRESSIVE;
				CLANG_CXX_LANGUAGE_STANDARD = "gnu++14";
				CLANG_CXX_LIBRARY = "libc++";
				CLANG_ENABLE_MODULES = YES;
				CLANG_ENABLE_OBJC_ARC = YES;
				CLANG_ENABLE_OBJC_WEAK = YES;
				CLANG_WARN_BLOCK_CAPTURE_AUTORELEASING = YES;
				CLANG_WARN_BOOL_CONVERSION = YES;
				CLANG_WARN_COMMA = YES;
				CLANG_WARN_CONSTANT_CONVERSION = YES;
				CLANG_WARN_DEPRECATED_OBJC_IMPLEMENTATIONS = YES;
				CLANG_WARN_DIRECT_OBJC_ISA_USAGE = YES_ERROR;
				CLANG_WARN_DOCUMENTATION_COMMENTS = YES;
				CLANG_WARN_EMPTY_BODY = YES;
				CLANG_WARN_ENUM_CONVERSION = YES;
				CLANG_WARN_INFINITE_RECURSION = YES;
				CLANG_WARN_INT_CONVERSION = YES;
				CLANG_WARN_NON_LITERAL_NULL_CONVERSION = YES;
				CLANG_WARN_OBJC_IMPLICIT_RETAIN_SELF = YES;
				CLANG_WARN_OBJC_LITERAL_CONVERSION = YES;
				CLANG_WARN_OBJC_ROOT_CLASS = YES_ERROR;
				CLANG_WARN_RANGE_LOOP_ANALYSIS = YES;
				CLANG_WARN_STRICT_PROTOTYPES = YES;
				CLANG_WARN_SUSPICIOUS_MOVE = YES;
				CLANG_WARN_UNGUARDED_AVAILABILITY = YES_AGGRESSIVE;
				CLANG_WARN_UNREACHABLE_CODE = YES;
				CLANG_WARN__DUPLICATE_METHOD_MATCH = YES;
				CODE_SIGN_IDENTITY = "iPhone Developer";
				COPY_PHASE_STRIP = NO;
				DEBUG_INFORMATION_FORMAT = "dwarf-with-dsym";
				ENABLE_NS_ASSERTIONS = NO;
				ENABLE_STRICT_OBJC_MSGSEND = YES;
				GCC_C_LANGUAGE_STANDARD = gnu11;
				GCC_NO_COMMON_BLOCKS = YES;
				GCC_WARN_64_TO_32_BIT_CONVERSION = YES;
				GCC_WARN_ABOUT_RETURN_TYPE = YES_ERROR;
				GCC_WARN_UNDECLARED_SELECTOR = YES;
				GCC_WARN_UNINITIALIZED_AUTOS = YES_AGGRESSIVE;
				GCC_WARN_UNUSED_FUNCTION = YES;
				GCC_WARN_UNUSED_VARIABLE = YES;
				IPHONEOS_DEPLOYMENT_TARGET = 12.1;
				MTL_ENABLE_DEBUG_INFO = NO;
				MTL_FAST_MATH = YES;
				SDKROOT = iphoneos;
				VALIDATE_PRODUCT = YES;
			};
			name = Release;
		};
		FB39C38121DDDE2B00334EA9 /* Debug */ = {
			isa = XCBuildConfiguration;
			baseConfigurationReference = 692537D175668D3BE24C4770 /* Pods-TableViewSelectDemo.debug.xcconfig */;
			buildSettings = {
				ASSETCATALOG_COMPILER_APPICON_NAME = AppIcon;
				CODE_SIGN_STYLE = Automatic;
				INFOPLIST_FILE = TableViewSelectDemo/Info.plist;
				LD_RUNPATH_SEARCH_PATHS = (
					"$(inherited)",
					"@executable_path/Frameworks",
				);
				PRODUCT_BUNDLE_IDENTIFIER = dylan.TableViewSelectDemo;
				PRODUCT_NAME = "$(TARGET_NAME)";
				TARGETED_DEVICE_FAMILY = "1,2";
			};
			name = Debug;
		};
		FB39C38221DDDE2B00334EA9 /* Release */ = {
			isa = XCBuildConfiguration;
			baseConfigurationReference = A1A5F9ADDE75BA30FC84061F /* Pods-TableViewSelectDemo.release.xcconfig */;
			buildSettings = {
				ASSETCATALOG_COMPILER_APPICON_NAME = AppIcon;
				CODE_SIGN_STYLE = Automatic;
				INFOPLIST_FILE = TableViewSelectDemo/Info.plist;
				LD_RUNPATH_SEARCH_PATHS = (
					"$(inherited)",
					"@executable_path/Frameworks",
				);
				PRODUCT_BUNDLE_IDENTIFIER = dylan.TableViewSelectDemo;
				PRODUCT_NAME = "$(TARGET_NAME)";
				TARGETED_DEVICE_FAMILY = "1,2";
			};
			name = Release;
		};
		FB39C38421DDDE2B00334EA9 /* Debug */ = {
			isa = XCBuildConfiguration;
			baseConfigurationReference = B9691C31260F4266281042DD /* Pods-TableViewSelectDemoTests.debug.xcconfig */;
			buildSettings = {
				BUNDLE_LOADER = "$(TEST_HOST)";
				CODE_SIGN_STYLE = Automatic;
				INFOPLIST_FILE = TableViewSelectDemoTests/Info.plist;
				LD_RUNPATH_SEARCH_PATHS = (
					"$(inherited)",
					"@executable_path/Frameworks",
					"@loader_path/Frameworks",
				);
				PRODUCT_BUNDLE_IDENTIFIER = dylan.TableViewSelectDemoTests;
				PRODUCT_NAME = "$(TARGET_NAME)";
				TARGETED_DEVICE_FAMILY = "1,2";
				TEST_HOST = "$(BUILT_PRODUCTS_DIR)/TableViewSelectDemo.app/TableViewSelectDemo";
			};
			name = Debug;
		};
		FB39C38521DDDE2B00334EA9 /* Release */ = {
			isa = XCBuildConfiguration;
			baseConfigurationReference = 4440DED2F2A304EDFAB54DFA /* Pods-TableViewSelectDemoTests.release.xcconfig */;
			buildSettings = {
				BUNDLE_LOADER = "$(TEST_HOST)";
				CODE_SIGN_STYLE = Automatic;
				INFOPLIST_FILE = TableViewSelectDemoTests/Info.plist;
				LD_RUNPATH_SEARCH_PATHS = (
					"$(inherited)",
					"@executable_path/Frameworks",
					"@loader_path/Frameworks",
				);
				PRODUCT_BUNDLE_IDENTIFIER = dylan.TableViewSelectDemoTests;
				PRODUCT_NAME = "$(TARGET_NAME)";
				TARGETED_DEVICE_FAMILY = "1,2";
				TEST_HOST = "$(BUILT_PRODUCTS_DIR)/TableViewSelectDemo.app/TableViewSelectDemo";
			};
			name = Release;
		};
		FB39C38721DDDE2B00334EA9 /* Debug */ = {
			isa = XCBuildConfiguration;
			baseConfigurationReference = A48FE5B2BAB2FC8E621B76B9 /* Pods-TableViewSelectDemoUITests.debug.xcconfig */;
			buildSettings = {
				CODE_SIGN_STYLE = Automatic;
				INFOPLIST_FILE = TableViewSelectDemoUITests/Info.plist;
				LD_RUNPATH_SEARCH_PATHS = (
					"$(inherited)",
					"@executable_path/Frameworks",
					"@loader_path/Frameworks",
				);
				PRODUCT_BUNDLE_IDENTIFIER = dylan.TableViewSelectDemoUITests;
				PRODUCT_NAME = "$(TARGET_NAME)";
				TARGETED_DEVICE_FAMILY = "1,2";
				TEST_TARGET_NAME = TableViewSelectDemo;
			};
			name = Debug;
		};
		FB39C38821DDDE2B00334EA9 /* Release */ = {
			isa = XCBuildConfiguration;
			baseConfigurationReference = C3548AF336CF6A431829581C /* Pods-TableViewSelectDemoUITests.release.xcconfig */;
			buildSettings = {
				CODE_SIGN_STYLE = Automatic;
				INFOPLIST_FILE = TableViewSelectDemoUITests/Info.plist;
				LD_RUNPATH_SEARCH_PATHS = (
					"$(inherited)",
					"@executable_path/Frameworks",
					"@loader_path/Frameworks",
				);
				PRODUCT_BUNDLE_IDENTIFIER = dylan.TableViewSelectDemoUITests;
				PRODUCT_NAME = "$(TARGET_NAME)";
				TARGETED_DEVICE_FAMILY = "1,2";
				TEST_TARGET_NAME = TableViewSelectDemo;
			};
			name = Release;
		};
/* End XCBuildConfiguration section */

/* Begin XCConfigurationList section */
		FB39C34F21DDDE2A00334EA9 /* Build configuration list for PBXProject "TableViewSelectDemo" */ = {
			isa = XCConfigurationList;
			buildConfigurations = (
				FB39C37E21DDDE2B00334EA9 /* Debug */,
				FB39C37F21DDDE2B00334EA9 /* Release */,
			);
			defaultConfigurationIsVisible = 0;
			defaultConfigurationName = Release;
		};
		FB39C38021DDDE2B00334EA9 /* Build configuration list for PBXNativeTarget "TableViewSelectDemo" */ = {
			isa = XCConfigurationList;
			buildConfigurations = (
				FB39C38121DDDE2B00334EA9 /* Debug */,
				FB39C38221DDDE2B00334EA9 /* Release */,
			);
			defaultConfigurationIsVisible = 0;
			defaultConfigurationName = Release;
		};
		FB39C38321DDDE2B00334EA9 /* Build configuration list for PBXNativeTarget "TableViewSelectDemoTests" */ = {
			isa = XCConfigurationList;
			buildConfigurations = (
				FB39C38421DDDE2B00334EA9 /* Debug */,
				FB39C38521DDDE2B00334EA9 /* Release */,
			);
			defaultConfigurationIsVisible = 0;
			defaultConfigurationName = Release;
		};
		FB39C38621DDDE2B00334EA9 /* Build configuration list for PBXNativeTarget "TableViewSelectDemoUITests" */ = {
			isa = XCConfigurationList;
			buildConfigurations = (
				FB39C38721DDDE2B00334EA9 /* Debug */,
				FB39C38821DDDE2B00334EA9 /* Release */,
			);
			defaultConfigurationIsVisible = 0;
			defaultConfigurationName = Release;
		};
/* End XCConfigurationList section */
	};
	rootObject = FB39C34C21DDDE2A00334EA9 /* Project object */;
}
